
Microsoft Visual Studio Solution File, Format Version 12.00
# Visual Studio Version 17
VisualStudioVersion = 17.2.32210.308
MinimumVisualStudioVersion = 10.0.40219.1
Project("{9A19103F-16F7-4668-BE54-9A1E7A4F7556}") = "Admin.Web", "Admin.Web.csproj", "{C455DF25-2694-4BF5-A68C-717FA50414B2}"
EndProject
Project("{2150E333-8FDC-42A3-9474-1A3956D46DE8}") = "Domain-External", "Domain-External", "{DC5BE9B8-8C58-41A0-8CB3-D2B8A8738B96}"
EndProject
Project("{9A19103F-16F7-4668-BE54-9A1E7A4F7556}") = "FC.Edu.Domain", "..\..\Domain\FC.Edu.Domain\FC.Edu.Domain\FC.Edu.Domain.csproj", "{F3021A7A-9256-41AD-9757-85228AD49A62}"
EndProject
Global
	GlobalSection(SolutionConfigurationPlatforms) = preSolution
		Debug|Any CPU = Debug|Any CPU
		Release|Any CPU = Release|Any CPU
	EndGlobalSection
	GlobalSection(ProjectConfigurationPlatforms) = postSolution
		{C455DF25-2694-4BF5-A68C-717FA50414B2}.Debug|Any CPU.ActiveCfg = Debug|Any CPU
		{C455DF25-2694-4BF5-A68C-717FA50414B2}.Debug|Any CPU.Build.0 = Debug|Any CPU
		{C455DF25-2694-4BF5-A68C-717FA50414B2}.Release|Any CPU.ActiveCfg = Release|Any CPU
		{C455DF25-2694-4BF5-A68C-717FA50414B2}.Release|Any CPU.Build.0 = Release|Any CPU
		{F3021A7A-9256-41AD-9757-85228AD49A62}.Debug|Any CPU.ActiveCfg = Debug|Any CPU
		{F3021A7A-9256-41AD-9757-85228AD49A62}.Debug|Any CPU.Build.0 = Debug|Any CPU
		{F3021A7A-9256-41AD-9757-85228AD49A62}.Release|Any CPU.ActiveCfg = Release|Any CPU
		{F3021A7A-9256-41AD-9757-85228AD49A62}.Release|Any CPU.Build.0 = Release|Any CPU
	EndGlobalSection
	GlobalSection(SolutionProperties) = preSolution
		HideSolutionNode = FALSE
	EndGlobalSection
	GlobalSection(NestedProjects) = preSolution
		{F3021A7A-9256-41AD-9757-85228AD49A62} = {DC5BE9B8-8C58-41A0-8CB3-D2B8A8738B96}
	EndGlobalSection
	GlobalSection(ExtensibilityGlobals) = postSolution
		SolutionGuid = {0B4D7413-DCF9-4678-A3C9-A784B5152369}
	EndGlobalSection
EndGlobal
